hash: 007023adebeeb68c309cd54b15c7f6fc733759f4c450823097ecac297494e993
updated: 2016-05-08T21:09:51.90633073-07:00
imports:
- name: github.com/mattn/go-sqlite3
  version: 3b3f1d01b2696af5501697c35629048c227586ab
- name: github.com/stretchr/testify
  version: f390dcf405f7b83c997eac1b06768bb9f44dec18
devImports: []
