hash: 38bf0e9bf9f4a6f60d1da34bd0f9bfbb65a860fa5135861d10bdc88b39cd261c
updated: 2016-04-12T00:44:02.150853309-07:00
imports:
- name: github.com/mattn/go-sqlite3
  version: 37aa7c6f5bc95b7264de70cd1f0ca1d39228ebd6
- name: github.com/stretchr/testify
  version: 0744955171b0b6e1871ff9d7366abc2b7a7fcec0
devImports: []
